
Microsoft Visual Studio Solution File, Format Version 12.00
# Visual Studio Version 16
VisualStudioVersion = 16.0.31829.152
MinimumVisualStudioVersion = 10.0.40219.1
Project("{FAE04EC0-301F-11D3-BF4B-00C04F79EFBC}") = "NeXT_1.1", "NeXT_1.1\NeXT_1.1.csproj", "{B924E6F9-206E-4ECB-BA98-10AF647A96D5}"
EndProject
Global
	GlobalSection(SolutionConfigurationPlatforms) = preSolution
		Debug|Any CPU = Debug|Any CPU
		Release|Any CPU = Release|Any CPU
	EndGlobalSection
	GlobalSection(ProjectConfigurationPlatforms) = postSolution
		{B924E6F9-206E-4ECB-BA98-10AF647A96D5}.Debug|Any CPU.ActiveCfg = Debug|Any CPU
		{B924E6F9-206E-4ECB-BA98-10AF647A96D5}.Debug|Any CPU.Build.0 = Debug|Any CPU
		{B924E6F9-206E-4ECB-BA98-10AF647A96D5}.Release|Any CPU.ActiveCfg = Release|Any CPU
		{B924E6F9-206E-4ECB-BA98-10AF647A96D5}.Release|Any CPU.Build.0 = Release|Any CPU
	EndGlobalSection
	GlobalSection(SolutionProperties) = preSolution
		HideSolutionNode = FALSE
	EndGlobalSection
	GlobalSection(ExtensibilityGlobals) = postSolution
		SolutionGuid = {BA71BA8F-B460-483F-9BCD-D9B7A4F244F7}
	EndGlobalSection
EndGlobal
